
Microsoft Visual Studio Solution File, Format Version 12.00
# Visual Studio Version 17
VisualStudioVersion = 17.14.37614.0 d17.14
MinimumVisualStudioVersion = 10.0.40219.1
Project("{FAE04EC0-301F-11D3-BF4B-00C04F79EFBC}") = "Guy_Beginning", "Guy_Beginning.csproj", "{09D26B7B-F534-4475-B2AC-DCF96FE37834}"
EndProject
Global
	GlobalSection(SolutionConfigurationPlatforms) = preSolution
		Debug|Any CPU = Debug|Any CPU
		Release|Any CPU = Release|Any CPU
	EndGlobalSection
	GlobalSection(ProjectConfigurationPlatforms) = postSolution
		{09D26B7B-F534-4475-B2AC-DCF96FE37834}.Debug|Any CPU.ActiveCfg = Debug|Any CPU
		{09D26B7B-F534-4475-B2AC-DCF96FE37834}.Debug|Any CPU.Build.0 = Debug|Any CPU
		{09D26B7B-F534-4475-B2AC-DCF96FE37834}.Release|Any CPU.ActiveCfg = Release|Any CPU
		{09D26B7B-F534-4475-B2AC-DCF96FE37834}.Release|Any CPU.Build.0 = Release|Any CPU
	EndGlobalSection
	GlobalSection(SolutionProperties) = preSolution
		HideSolutionNode = FALSE
	EndGlobalSection
	GlobalSection(ExtensibilityGlobals) = postSolution
		SolutionGuid = {319A43AD-4364-448D-B30C-9052FF8A595C}
	EndGlobalSection
EndGlobal
